
Microsoft Visual Studio Solution File, Format Version 11.00
# Visual Studio 2010
Project("{FAE04EC0-301F-11D3-BF4B-00C04F79EFBC}") = "AlgoAR", "Assembly-CSharp.csproj", "{06CE9BA6-EACE-809F-5FF1-771A9509CD7F}"
EndProject
Project("{FAE04EC0-301F-11D3-BF4B-00C04F79EFBC}") = "AlgoAR", "Assembly-CSharp-Editor.csproj", "{EFE197D3-E317-B637-3CC9-01F65FBB1FF8}"
EndProject
Global
	GlobalSection(SolutionConfigurationPlatforms) = preSolution
		Debug|Any CPU = Debug|Any CPU
		Release|Any CPU = Release|Any CPU
	EndGlobalSection
	GlobalSection(ProjectConfigurationPlatforms) = postSolution
		{06CE9BA6-EACE-809F-5FF1-771A9509CD7F}.Debug|Any CPU.ActiveCfg = Debug|Any CPU
		{06CE9BA6-EACE-809F-5FF1-771A9509CD7F}.Debug|Any CPU.Build.0 = Debug|Any CPU
		{06CE9BA6-EACE-809F-5FF1-771A9509CD7F}.Release|Any CPU.ActiveCfg = Release|Any CPU
		{06CE9BA6-EACE-809F-5FF1-771A9509CD7F}.Release|Any CPU.Build.0 = Release|Any CPU
		{EFE197D3-E317-B637-3CC9-01F65FBB1FF8}.Debug|Any CPU.ActiveCfg = Debug|Any CPU
		{EFE197D3-E317-B637-3CC9-01F65FBB1FF8}.Debug|Any CPU.Build.0 = Debug|Any CPU
		{EFE197D3-E317-B637-3CC9-01F65FBB1FF8}.Release|Any CPU.ActiveCfg = Release|Any CPU
		{EFE197D3-E317-B637-3CC9-01F65FBB1FF8}.Release|Any CPU.Build.0 = Release|Any CPU
	EndGlobalSection
	GlobalSection(SolutionProperties) = preSolution
		HideSolutionNode = FALSE
	EndGlobalSection
	GlobalSection(MonoDevelopProperties) = preSolution
		StartupItem = Assembly-CSharp.csproj
	EndGlobalSection
EndGlobal
